// !$*UTF8*$!
{
	archiveVersion = 1;
	classes = {
	};
	objectVersion = 55;
	objects = {

/* Begin PBXBuildFile section */
		1BBBEB7F27EDB8B0000F3B2D /* AppDelegate.swift in Sources */ = {isa = PBXBuildFile; fileRef = 1BBBEB7E27EDB8B0000F3B2D /* AppDelegate.swift */; };
		1BBBEB8127EDB8B0000F3B2D /* SceneDelegate.swift in Sources */ = {isa = PBXBuildFile; fileRef = 1BBBEB8027EDB8B0000F3B2D /* SceneDelegate.swift */; };
		1BBBEB8327EDB8B0000F3B2D /* ViewController.swift in Sources */ = {isa = PBXBuildFile; fileRef = 1BBBEB8227EDB8B0000F3B2D /* ViewController.swift */; };
		1BBBEB8627EDB8B0000F3B2D /* Main.storyboard in Resources */ = {isa = PBXBuildFile; fileRef = 1BBBEB8427EDB8B0000F3B2D /* Main.storyboard */; };
		1BBBEB8827EDB8B2000F3B2D /* Assets.xcassets in Resources */ = {isa = PBXBuildFile; fileRef = 1BBBEB8727EDB8B2000F3B2D /* Assets.xcassets */; };
		1BBBEB8B27EDB8B2000F3B2D /* LaunchScreen.storyboard in Resources */ = {isa = PBXBuildFile; fileRef = 1BBBEB8927EDB8B2000F3B2D /* LaunchScreen.storyboard */; };
		1BBBEB9627EDB8B3000F3B2D /* MovieAppVIPTests.swift in Sources */ = {isa = PBXBuildFile; fileRef = 1BBBEB9527EDB8B3000F3B2D /* MovieAppVIPTests.swift */; };
		1BBBEBA027EDB8B3000F3B2D /* MovieAppVIPUITests.swift in Sources */ = {isa = PBXBuildFile; fileRef = 1BBBEB9F27EDB8B3000F3B2D /* MovieAppVIPUITests.swift */; };
		1BBBEBA227EDB8B3000F3B2D /* MovieAppVIPUITestsLaunchTests.swift in Sources */ = {isa = PBXBuildFile; fileRef = 1BBBEBA127EDB8B3000F3B2D /* MovieAppVIPUITestsLaunchTests.swift */; };
		1BBBEBAF27EDBA0B000F3B2D /* ApiService.swift in Sources */ = {isa = PBXBuildFile; fileRef = 1BBBEBAE27EDBA0B000F3B2D /* ApiService.swift */; };
		1BBBEBB127EDE35E000F3B2D /* Util.swift in Sources */ = {isa = PBXBuildFile; fileRef = 1BBBEBB027EDE35E000F3B2D /* Util.swift */; };
		AB1F5C240042AC42143074AC /* Pods_MovieAppVIP_MovieAppVIPUITests.framework in Frameworks */ = {isa = PBXBuildFile; fileRef = DF8602B42C18B70E450C251F /* Pods_MovieAppVIP_MovieAppVIPUITests.framework */; };
		E046AEA73F0422A732BF8285 /* Pods_MovieAppVIP.framework in Frameworks */ = {isa = PBXBuildFile; fileRef = F2A0A58EFB1E668F876E313F /* Pods_MovieAppVIP.framework */; };
		E6388FA304E15AD8D6F3C508 /* Pods_MovieAppVIPTests.framework in Frameworks */ = {isa = PBXBuildFile; fileRef = 2FEA7A9229533A8DD7D9598A /* Pods_MovieAppVIPTests.framework */; };
/* End PBXBuildFile section */

/* Begin PBXContainerItemProxy section */
		1BBBEB9227EDB8B3000F3B2D /* PBXContainerItemProxy */ = {
			isa = PBXContainerItemProxy;
			containerPortal = 1BBBEB7327EDB8B0000F3B2D /* Project object */;
			proxyType = 1;
			remoteGlobalIDString = 1BBBEB7A27EDB8B0000F3B2D;
			remoteInfo = MovieAppVIP;
		};
		1BBBEB9C27EDB8B3000F3B2D /* PBXContainerItemProxy */ = {
			isa = PBXContainerItemProxy;
			containerPortal = 1BBBEB7327EDB8B0000F3B2D /* Project object */;
			proxyType = 1;
			remoteGlobalIDString = 1BBBEB7A27EDB8B0000F3B2D;
			remoteInfo = MovieAppVIP;
		};
/* End PBXContainerItemProxy section */

/* Begin PBXFileReference section */
		0B94C2CF1082281F364BE778 /* Pods-MovieAppVIP.release.xcconfig */ = {isa = PBXFileReference; includeInIndex = 1; lastKnownFileType = text.xcconfig; name = "Pods-MovieAppVIP.release.xcconfig"; path = "Target Support Files/Pods-MovieAppVIP/Pods-MovieAppVIP.release.xcconfig"; sourceTree = "<group>"; };
		1BBBEB7B27EDB8B0000F3B2D /* MovieAppVIP.app */ = {isa = PBXFileReference; explicitFileType = wrapper.application; includeInIndex = 0; path = MovieAppVIP.app; sourceTree = BUILT_PRODUCTS_DIR; };
		1BBBEB7E27EDB8B0000F3B2D /* AppDelegate.swift */ = {isa = PBXFileReference; lastKnownFileType = sourcecode.swift; path = AppDelegate.swift; sourceTree = "<group>"; };
		1BBBEB8027EDB8B0000F3B2D /* SceneDelegate.swift */ = {isa = PBXFileReference; lastKnownFileType = sourcecode.swift; path = SceneDelegate.swift; sourceTree = "<group>"; };
		1BBBEB8227EDB8B0000F3B2D /* ViewController.swift */ = {isa = PBXFileReference; lastKnownFileType = sourcecode.swift; path = ViewController.swift; sourceTree = "<group>"; };
		1BBBEB8527EDB8B0000F3B2D /* Base */ = {isa = PBXFileReference; lastKnownFileType = file.storyboard; name = Base; path = Base.lproj/Main.storyboard; sourceTree = "<group>"; };
		1BBBEB8727EDB8B2000F3B2D /* Assets.xcassets */ = {isa = PBXFileReference; lastKnownFileType = folder.assetcatalog; path = Assets.xcassets; sourceTree = "<group>"; };
		1BBBEB8A27EDB8B2000F3B2D /* Base */ = {isa = PBXFileReference; lastKnownFileType = file.storyboard; name = Base; path = Base.lproj/LaunchScreen.storyboard; sourceTree = "<group>"; };
		1BBBEB8C27EDB8B2000F3B2D /* Info.plist */ = {isa = PBXFileReference; lastKnownFileType = text.plist.xml; path = Info.plist; sourceTree = "<group>"; };
		1BBBEB9127EDB8B3000F3B2D /* MovieAppVIPTests.xctest */ = {isa = PBXFileReference; explicitFileType = wrapper.cfbundle; includeInIndex = 0; path = MovieAppVIPTests.xctest; sourceTree = BUILT_PRODUCTS_DIR; };
		1BBBEB9527EDB8B3000F3B2D /* MovieAppVIPTests.swift */ = {isa = PBXFileReference; lastKnownFileType = sourcecode.swift; path = MovieAppVIPTests.swift; sourceTree = "<group>"; };
		1BBBEB9B27EDB8B3000F3B2D /* MovieAppVIPUITests.xctest */ = {isa = PBXFileReference; explicitFileType = wrapper.cfbundle; includeInIndex = 0; path = MovieAppVIPUITests.xctest; sourceTree = BUILT_PRODUCTS_DIR; };
		1BBBEB9F27EDB8B3000F3B2D /* MovieAppVIPUITests.swift */ = {isa = PBXFileReference; lastKnownFileType = sourcecode.swift; path = MovieAppVIPUITests.swift; sourceTree = "<group>"; };
		1BBBEBA127EDB8B3000F3B2D /* MovieAppVIPUITestsLaunchTests.swift */ = {isa = PBXFileReference; lastKnownFileType = sourcecode.swift; path = MovieAppVIPUITestsLaunchTests.swift; sourceTree = "<group>"; };
		1BBBEBAE27EDBA0B000F3B2D /* ApiService.swift */ = {isa = PBXFileReference; lastKnownFileType = sourcecode.swift; path = ApiService.swift; sourceTree = "<group>"; };
		1BBBEBB027EDE35E000F3B2D /* Util.swift */ = {isa = PBXFileReference; lastKnownFileType = sourcecode.swift; path = Util.swift; sourceTree = "<group>"; };
		293E8ED276BA31CC0C6A4643 /* Pods-MovieAppVIPTests.debug.xcconfig */ = {isa = PBXFileReference; includeInIndex = 1; lastKnownFileType = text.xcconfig; name = "Pods-MovieAppVIPTests.debug.xcconfig"; path = "Target Support Files/Pods-MovieAppVIPTests/Pods-MovieAppVIPTests.debug.xcconfig"; sourceTree = "<group>"; };
		2FEA7A9229533A8DD7D9598A /* Pods_MovieAppVIPTests.framework */ = {isa = PBXFileReference; explicitFileType = wrapper.framework; includeInIndex = 0; path = Pods_MovieAppVIPTests.framework; sourceTree = BUILT_PRODUCTS_DIR; };
		69396AED89AC9C2CA03BECAF /* Pods-MovieAppVIP-MovieAppVIPUITests.release.xcconfig */ = {isa = PBXFileReference; includeInIndex = 1; lastKnownFileType = text.xcconfig; name = "Pods-MovieAppVIP-MovieAppVIPUITests.release.xcconfig"; path = "Target Support Files/Pods-MovieAppVIP-MovieAppVIPUITests/Pods-MovieAppVIP-MovieAppVIPUITests.release.xcconfig"; sourceTree = "<group>"; };
		81639EAD196B4D80343B0957 /* Pods-MovieAppVIPTests.release.xcconfig */ = {isa = PBXFileReference; includeInIndex = 1; lastKnownFileType = text.xcconfig; name = "Pods-MovieAppVIPTests.release.xcconfig"; path = "Target Support Files/Pods-MovieAppVIPTests/Pods-MovieAppVIPTests.release.xcconfig"; sourceTree = "<group>"; };
		C89B7048DCE1E4E96BDC0B18 /* Pods-MovieAppVIP.debug.xcconfig */ = {isa = PBXFileReference; includeInIndex = 1; lastKnownFileType = text.xcconfig; name = "Pods-MovieAppVIP.debug.xcconfig"; path = "Target Support Files/Pods-MovieAppVIP/Pods-MovieAppVIP.debug.xcconfig"; sourceTree = "<group>"; };
		DB8B3DEA5A7DB65C700FB962 /* Pods-MovieAppVIP-MovieAppVIPUITests.debug.xcconfig */ = {isa = PBXFileReference; includeInIndex = 1; lastKnownFileType = text.xcconfig; name = "Pods-MovieAppVIP-MovieAppVIPUITests.debug.xcconfig"; path = "Target Support Files/Pods-MovieAppVIP-MovieAppVIPUITests/Pods-MovieAppVIP-MovieAppVIPUITests.debug.xcconfig"; sourceTree = "<group>"; };
		DF8602B42C18B70E450C251F /* Pods_MovieAppVIP_MovieAppVIPUITests.framework */ = {isa = PBXFileReference; explicitFileType = wrapper.framework; includeInIndex = 0; path = Pods_MovieAppVIP_MovieAppVIPUITests.framework; sourceTree = BUILT_PRODUCTS_DIR; };
		F2A0A58EFB1E668F876E313F /* Pods_MovieAppVIP.framework */ = {isa = PBXFileReference; explicitFileType = wrapper.framework; includeInIndex = 0; path = Pods_MovieAppVIP.framework; sourceTree = BUILT_PRODUCTS_DIR; };
/* End PBXFileReference section */

/* Begin PBXFrameworksBuildPhase section */
		1BBBEB7827EDB8B0000F3B2D /* Frameworks */ = {
			isa = PBXFrameworksBuildPhase;
			buildActionMask = 2147483647;
			files = (
				E046AEA73F0422A732BF8285 /* Pods_MovieAppVIP.framework in Frameworks */,
			);
			runOnlyForDeploymentPostprocessing = 0;
		};
		1BBBEB8E27EDB8B3000F3B2D /* Frameworks */ = {
			isa = PBXFrameworksBuildPhase;
			buildActionMask = 2147483647;
			files = (
				E6388FA304E15AD8D6F3C508 /* Pods_MovieAppVIPTests.framework in Frameworks */,
			);
			runOnlyForDeploymentPostprocessing = 0;
		};
		1BBBEB9827EDB8B3000F3B2D /* Frameworks */ = {
			isa = PBXFrameworksBuildPhase;
			buildActionMask = 2147483647;
			files = (
				AB1F5C240042AC42143074AC /* Pods_MovieAppVIP_MovieAppVIPUITests.framework in Frameworks */,
			);
			runOnlyForDeploymentPostprocessing = 0;
		};
/* End PBXFrameworksBuildPhase section */

/* Begin PBXGroup section */
		1BBBEB7227EDB8B0000F3B2D = {
			isa = PBXGroup;
			children = (
				1BBBEB7D27EDB8B0000F3B2D /* MovieAppVIP */,
				1BBBEB9427EDB8B3000F3B2D /* MovieAppVIPTests */,
				1BBBEB9E27EDB8B3000F3B2D /* MovieAppVIPUITests */,
				1BBBEB7C27EDB8B0000F3B2D /* Products */,
				ADAFAE2561435B7DABAABEBB /* Pods */,
				1BE2F1D91C7F52345446E3ED /* Frameworks */,
			);
			sourceTree = "<group>";
		};
		1BBBEB7C27EDB8B0000F3B2D /* Products */ = {
			isa = PBXGroup;
			children = (
				1BBBEB7B27EDB8B0000F3B2D /* MovieAppVIP.app */,
				1BBBEB9127EDB8B3000F3B2D /* MovieAppVIPTests.xctest */,
				1BBBEB9B27EDB8B3000F3B2D /* MovieAppVIPUITests.xctest */,
			);
			name = Products;
			sourceTree = "<group>";
		};
		1BBBEB7D27EDB8B0000F3B2D /* MovieAppVIP */ = {
			isa = PBXGroup;
			children = (
				1BBBEB7E27EDB8B0000F3B2D /* AppDelegate.swift */,
				1BBBEB8027EDB8B0000F3B2D /* SceneDelegate.swift */,
				1BBBEB8227EDB8B0000F3B2D /* ViewController.swift */,
				1BBBEB8427EDB8B0000F3B2D /* Main.storyboard */,
				1BBBEB8727EDB8B2000F3B2D /* Assets.xcassets */,
				1BBBEB8927EDB8B2000F3B2D /* LaunchScreen.storyboard */,
				1BBBEB8C27EDB8B2000F3B2D /* Info.plist */,
				1BBBEBAE27EDBA0B000F3B2D /* ApiService.swift */,
				1BBBEBB027EDE35E000F3B2D /* Util.swift */,
			);
			path = MovieAppVIP;
			sourceTree = "<group>";
		};
		1BBBEB9427EDB8B3000F3B2D /* MovieAppVIPTests */ = {
			isa = PBXGroup;
			children = (
				1BBBEB9527EDB8B3000F3B2D /* MovieAppVIPTests.swift */,
			);
			path = MovieAppVIPTests;
			sourceTree = "<group>";
		};
		1BBBEB9E27EDB8B3000F3B2D /* MovieAppVIPUITests */ = {
			isa = PBXGroup;
			children = (
				1BBBEB9F27EDB8B3000F3B2D /* MovieAppVIPUITests.swift */,
				1BBBEBA127EDB8B3000F3B2D /* MovieAppVIPUITestsLaunchTests.swift */,
			);
			path = MovieAppVIPUITests;
			sourceTree = "<group>";
		};
		1BE2F1D91C7F52345446E3ED /* Frameworks */ = {
			isa = PBXGroup;
			children = (
				F2A0A58EFB1E668F876E313F /* Pods_MovieAppVIP.framework */,
				DF8602B42C18B70E450C251F /* Pods_MovieAppVIP_MovieAppVIPUITests.framework */,
				2FEA7A9229533A8DD7D9598A /* Pods_MovieAppVIPTests.framework */,
			);
			name = Frameworks;
			sourceTree = "<group>";
		};
		ADAFAE2561435B7DABAABEBB /* Pods */ = {
			isa = PBXGroup;
			children = (
				C89B7048DCE1E4E96BDC0B18 /* Pods-MovieAppVIP.debug.xcconfig */,
				0B94C2CF1082281F364BE778 /* Pods-MovieAppVIP.release.xcconfig */,
				DB8B3DEA5A7DB65C700FB962 /* Pods-MovieAppVIP-MovieAppVIPUITests.debug.xcconfig */,
				69396AED89AC9C2CA03BECAF /* Pods-MovieAppVIP-MovieAppVIPUITests.release.xcconfig */,
				293E8ED276BA31CC0C6A4643 /* Pods-MovieAppVIPTests.debug.xcconfig */,
				81639EAD196B4D80343B0957 /* Pods-MovieAppVIPTests.release.xcconfig */,
			);
			name = Pods;
			path = Pods;
			sourceTree = "<group>";
		};
/* End PBXGroup section */

/* Begin PBXNativeTarget section */
		1BBBEB7A27EDB8B0000F3B2D /* MovieAppVIP */ = {
			isa = PBXNativeTarget;
			buildConfigurationList = 1BBBEBA527EDB8B3000F3B2D /* Build configuration list for PBXNativeTarget "MovieAppVIP" */;
			buildPhases = (
				9998C588FF918BB95548FE4C /* [CP] Check Pods Manifest.lock */,
				1BBBEB7727EDB8B0000F3B2D /* Sources */,
				1BBBEB7827EDB8B0000F3B2D /* Frameworks */,
				1BBBEB7927EDB8B0000F3B2D /* Resources */,
				A08ECE7E0BD098A8EE30B427 /* [CP] Embed Pods Frameworks */,
			);
			buildRules = (
			);
			dependencies = (
			);
			name = MovieAppVIP;
			productName = MovieAppVIP;
			productReference = 1BBBEB7B27EDB8B0000F3B2D /* MovieAppVIP.app */;
			productType = "com.apple.product-type.application";
		};
		1BBBEB9027EDB8B3000F3B2D /* MovieAppVIPTests */ = {
			isa = PBXNativeTarget;
			buildConfigurationList = 1BBBEBA827EDB8B3000F3B2D /* Build configuration list for PBXNativeTarget "MovieAppVIPTests" */;
			buildPhases = (
				EAE0CF606ED07E51F6744B98 /* [CP] Check Pods Manifest.lock */,
				1BBBEB8D27EDB8B3000F3B2D /* Sources */,
				1BBBEB8E27EDB8B3000F3B2D /* Frameworks */,
				1BBBEB8F27EDB8B3000F3B2D /* Resources */,
			);
			buildRules = (
			);
			dependencies = (
				1BBBEB9327EDB8B3000F3B2D /* PBXTargetDependency */,
			);
			name = MovieAppVIPTests;
			productName = MovieAppVIPTests;
			productReference = 1BBBEB9127EDB8B3000F3B2D /* MovieAppVIPTests.xctest */;
			productType = "com.apple.product-type.bundle.unit-test";
		};
		1BBBEB9A27EDB8B3000F3B2D /* MovieAppVIPUITests */ = {
			isa = PBXNativeTarget;
			buildConfigurationList = 1BBBEBAB27EDB8B3000F3B2D /* Build configuration list for PBXNativeTarget "MovieAppVIPUITests" */;
			buildPhases = (
				2801189E85726673E516C805 /* [CP] Check Pods Manifest.lock */,
				1BBBEB9727EDB8B3000F3B2D /* Sources */,
				1BBBEB9827EDB8B3000F3B2D /* Frameworks */,
				1BBBEB9927EDB8B3000F3B2D /* Resources */,
				19363938AC51551F98917AE3 /* [CP] Embed Pods Frameworks */,
			);
			buildRules = (
			);
			dependencies = (
				1BBBEB9D27EDB8B3000F3B2D /* PBXTargetDependency */,
			);
			name = MovieAppVIPUITests;
			productName = MovieAppVIPUITests;
			productReference = 1BBBEB9B27EDB8B3000F3B2D /* MovieAppVIPUITests.xctest */;
			productType = "com.apple.product-type.bundle.ui-testing";
		};
/* End PBXNativeTarget section */

/* Begin PBXProject section */
		1BBBEB7327EDB8B0000F3B2D /* Project object */ = {
			isa = PBXProject;
			attributes = {
				BuildIndependentTargetsInParallel = 1;
				LastSwiftUpdateCheck = 1330;
				LastUpgradeCheck = 1330;
				TargetAttributes = {
					1BBBEB7A27EDB8B0000F3B2D = {
						CreatedOnToolsVersion = 13.3;
					};
					1BBBEB9027EDB8B3000F3B2D = {
						CreatedOnToolsVersion = 13.3;
						TestTargetID = 1BBBEB7A27EDB8B0000F3B2D;
					};
					1BBBEB9A27EDB8B3000F3B2D = {
						CreatedOnToolsVersion = 13.3;
						TestTargetID = 1BBBEB7A27EDB8B0000F3B2D;
					};
				};
			};
			buildConfigurationList = 1BBBEB7627EDB8B0000F3B2D /* Build configuration list for PBXProject "MovieAppVIP" */;
			compatibilityVersion = "Xcode 13.0";
			developmentRegion = en;
			hasScannedForEncodings = 0;
			knownRegions = (
				en,
				Base,
			);
			mainGroup = 1BBBEB7227EDB8B0000F3B2D;
			productRefGroup = 1BBBEB7C27EDB8B0000F3B2D /* Products */;
			projectDirPath = "";
			projectRoot = "";
			targets = (
				1BBBEB7A27EDB8B0000F3B2D /* MovieAppVIP */,
				1BBBEB9027EDB8B3000F3B2D /* MovieAppVIPTests */,
				1BBBEB9A27EDB8B3000F3B2D /* MovieAppVIPUITests */,
			);
		};
/* End PBXProject section */

/* Begin PBXResourcesBuildPhase section */
		1BBBEB7927EDB8B0000F3B2D /* Resources */ = {
			isa = PBXResourcesBuildPhase;
			buildActionMask = 2147483647;
			files = (
				1BBBEB8B27EDB8B2000F3B2D /* LaunchScreen.storyboard in Resources */,
				1BBBEB8827EDB8B2000F3B2D /* Assets.xcassets in Resources */,
				1BBBEB8627EDB8B0000F3B2D /* Main.storyboard in Resources */,
			);
			runOnlyForDeploymentPostprocessing = 0;
		};
		1BBBEB8F27EDB8B3000F3B2D /* Resources */ = {
			isa = PBXResourcesBuildPhase;
			buildActionMask = 2147483647;
			files = (
			);
			runOnlyForDeploymentPostprocessing = 0;
		};
		1BBBEB9927EDB8B3000F3B2D /* Resources */ = {
			isa = PBXResourcesBuildPhase;
			buildActionMask = 2147483647;
			files = (
			);
			runOnlyForDeploymentPostprocessing = 0;
		};
/* End PBXResourcesBuildPhase section */

/* Begin PBXShellScriptBuildPhase section */
		19363938AC51551F98917AE3 /* [CP] Embed Pods Frameworks */ = {
			isa = PBXShellScriptBuildPhase;
			buildActionMask = 2147483647;
			files = (
			);
			inputFileListPaths = (
				"${PODS_ROOT}/Target Support Files/Pods-MovieAppVIP-MovieAppVIPUITests/Pods-MovieAppVIP-MovieAppVIPUITests-frameworks-${CONFIGURATION}-input-files.xcfilelist",
			);
			name = "[CP] Embed Pods Frameworks";
			outputFileListPaths = (
				"${PODS_ROOT}/Target Support Files/Pods-MovieAppVIP-MovieAppVIPUITests/Pods-MovieAppVIP-MovieAppVIPUITests-frameworks-${CONFIGURATION}-output-files.xcfilelist",
			);
			runOnlyForDeploymentPostprocessing = 0;
			shellPath = /bin/sh;
			shellScript = "\"${PODS_ROOT}/Target Support Files/Pods-MovieAppVIP-MovieAppVIPUITests/Pods-MovieAppVIP-MovieAppVIPUITests-frameworks.sh\"\n";
			showEnvVarsInLog = 0;
		};
		2801189E85726673E516C805 /* [CP] Check Pods Manifest.lock */ = {
			isa = PBXShellScriptBuildPhase;
			buildActionMask = 2147483647;
			files = (
			);
			inputFileListPaths = (
			);
			inputPaths = (
				"${PODS_PODFILE_DIR_PATH}/Podfile.lock",
				"${PODS_ROOT}/Manifest.lock",
			);
			name = "[CP] Check Pods Manifest.lock";
			outputFileListPaths = (
			);
			outputPaths = (
				"$(DERIVED_FILE_DIR)/Pods-MovieAppVIP-MovieAppVIPUITests-checkManifestLockResult.txt",
			);
			runOnlyForDeploymentPostprocessing = 0;
			shellPath = /bin/sh;
			shellScript = "diff \"${PODS_PODFILE_DIR_PATH}/Podfile.lock\" \"${PODS_ROOT}/Manifest.lock\" > /dev/null\nif [ $? != 0 ] ; then\n    # print error to STDERR\n    echo \"error: The sandbox is not in sync with the Podfile.lock. Run 'pod install' or update your CocoaPods installation.\" >&2\n    exit 1\nfi\n# This output is used by Xcode 'outputs' to avoid re-running this script phase.\necho \"SUCCESS\" > \"${SCRIPT_OUTPUT_FILE_0}\"\n";
			showEnvVarsInLog = 0;
		};
		9998C588FF918BB95548FE4C /* [CP] Check Pods Manifest.lock */ = {
			isa = PBXShellScriptBuildPhase;
			buildActionMask = 2147483647;
			files = (
			);
			inputFileListPaths = (
			);
			inputPaths = (
				"${PODS_PODFILE_DIR_PATH}/Podfile.lock",
				"${PODS_ROOT}/Manifest.lock",
			);
			name = "[CP] Check Pods Manifest.lock";
			outputFileListPaths = (
			);
			outputPaths = (
				"$(DERIVED_FILE_DIR)/Pods-MovieAppVIP-checkManifestLockResult.txt",
			);
			runOnlyForDeploymentPostprocessing = 0;
			shellPath = /bin/sh;
			shellScript = "diff \"${PODS_PODFILE_DIR_PATH}/Podfile.lock\" \"${PODS_ROOT}/Manifest.lock\" > /dev/null\nif [ $? != 0 ] ; then\n    # print error to STDERR\n    echo \"error: The sandbox is not in sync with the Podfile.lock. Run 'pod install' or update your CocoaPods installation.\" >&2\n    exit 1\nfi\n# This output is used by Xcode 'outputs' to avoid re-running this script phase.\necho \"SUCCESS\" > \"${SCRIPT_OUTPUT_FILE_0}\"\n";
			showEnvVarsInLog = 0;
		};
		A08ECE7E0BD098A8EE30B427 /* [CP] Embed Pods Frameworks */ = {
			isa = PBXShellScriptBuildPhase;
			buildActionMask = 2147483647;
			files = (
			);
			inputFileListPaths = (
				"${PODS_ROOT}/Target Support Files/Pods-MovieAppVIP/Pods-MovieAppVIP-frameworks-${CONFIGURATION}-input-files.xcfilelist",
			);
			name = "[CP] Embed Pods Frameworks";
			outputFileListPaths = (
				"${PODS_ROOT}/Target Support Files/Pods-MovieAppVIP/Pods-MovieAppVIP-frameworks-${CONFIGURATION}-output-files.xcfilelist",
			);
			runOnlyForDeploymentPostprocessing = 0;
			shellPath = /bin/sh;
			shellScript = "\"${PODS_ROOT}/Target Support Files/Pods-MovieAppVIP/Pods-MovieAppVIP-frameworks.sh\"\n";
			showEnvVarsInLog = 0;
		};
		EAE0CF606ED07E51F6744B98 /* [CP] Check Pods Manifest.lock */ = {
			isa = PBXShellScriptBuildPhase;
			buildActionMask = 2147483647;
			files = (
			);
			inputFileListPaths = (
			);
			inputPaths = (
				"${PODS_PODFILE_DIR_PATH}/Podfile.lock",
				"${PODS_ROOT}/Manifest.lock",
			);
			name = "[CP] Check Pods Manifest.lock";
			outputFileListPaths = (
			);
			outputPaths = (
				"$(DERIVED_FILE_DIR)/Pods-MovieAppVIPTests-checkManifestLockResult.txt",
			);
			runOnlyForDeploymentPostprocessing = 0;
			shellPath = /bin/sh;
			shellScript = "diff \"${PODS_PODFILE_DIR_PATH}/Podfile.lock\" \"${PODS_ROOT}/Manifest.lock\" > /dev/null\nif [ $? != 0 ] ; then\n    # print error to STDERR\n    echo \"error: The sandbox is not in sync with the Podfile.lock. Run 'pod install' or update your CocoaPods installation.\" >&2\n    exit 1\nfi\n# This output is used by Xcode 'outputs' to avoid re-running this script phase.\necho \"SUCCESS\" > \"${SCRIPT_OUTPUT_FILE_0}\"\n";
			showEnvVarsInLog = 0;
		};
/* End PBXShellScriptBuildPhase section */

/* Begin PBXSourcesBuildPhase section */
		1BBBEB7727EDB8B0000F3B2D /* Sources */ = {
			isa = PBXSourcesBuildPhase;
			buildActionMask = 2147483647;
			files = (
				1BBBEBAF27EDBA0B000F3B2D /* ApiService.swift in Sources */,
				1BBBEB8327EDB8B0000F3B2D /* ViewController.swift in Sources */,
				1BBBEBB127EDE35E000F3B2D /* Util.swift in Sources */,
				1BBBEB7F27EDB8B0000F3B2D /* AppDelegate.swift in Sources */,
				1BBBEB8127EDB8B0000F3B2D /* SceneDelegate.swift in Sources */,
			);
			runOnlyForDeploymentPostprocessing = 0;
		};
		1BBBEB8D27EDB8B3000F3B2D /* Sources */ = {
			isa = PBXSourcesBuildPhase;
			buildActionMask = 2147483647;
			files = (
				1BBBEB9627EDB8B3000F3B2D /* MovieAppVIPTests.swift in Sources */,
			);
			runOnlyForDeploymentPostprocessing = 0;
		};
		1BBBEB9727EDB8B3000F3B2D /* Sources */ = {
			isa = PBXSourcesBuildPhase;
			buildActionMask = 2147483647;
			files = (
				1BBBEBA027EDB8B3000F3B2D /* MovieAppVIPUITests.swift in Sources */,
				1BBBEBA227EDB8B3000F3B2D /* MovieAppVIPUITestsLaunchTests.swift in Sources */,
			);
			runOnlyForDeploymentPostprocessing = 0;
		};
/* End PBXSourcesBuildPhase section */

/* Begin PBXTargetDependency section */
		1BBBEB9327EDB8B3000F3B2D /* PBXTargetDependency */ = {
			isa = PBXTargetDependency;
			target = 1BBBEB7A27EDB8B0000F3B2D /* MovieAppVIP */;
			targetProxy = 1BBBEB9227EDB8B3000F3B2D /* PBXContainerItemProxy */;
		};
		1BBBEB9D27EDB8B3000F3B2D /* PBXTargetDependency */ = {
			isa = PBXTargetDependency;
			target = 1BBBEB7A27EDB8B0000F3B2D /* MovieAppVIP */;
			targetProxy = 1BBBEB9C27EDB8B3000F3B2D /* PBXContainerItemProxy */;
		};
/* End PBXTargetDependency section */

/* Begin PBXVariantGroup section */
		1BBBEB8427EDB8B0000F3B2D /* Main.storyboard */ = {
			isa = PBXVariantGroup;
			children = (
				1BBBEB8527EDB8B0000F3B2D /* Base */,
			);
			name = Main.storyboard;
			sourceTree = "<group>";
		};
		1BBBEB8927EDB8B2000F3B2D /* LaunchScreen.storyboard */ = {
			isa = PBXVariantGroup;
			children = (
				1BBBEB8A27EDB8B2000F3B2D /* Base */,
			);
			name = LaunchScreen.storyboard;
			sourceTree = "<group>";
		};
/* End PBXVariantGroup section */

/* Begin XCBuildConfiguration section */
		1BBBEBA327EDB8B3000F3B2D /* Debug */ = {
			isa = XCBuildConfiguration;
			buildSettings = {
				ALWAYS_SEARCH_USER_PATHS = NO;
				CLANG_ANALYZER_NONNULL = YES;
				CLANG_ANALYZER_NUMBER_OBJECT_CONVERSION = YES_AGGRESSIVE;
				CLANG_CXX_LANGUAGE_STANDARD = "gnu++17";
				CLANG_ENABLE_MODULES = YES;
				CLANG_ENABLE_OBJC_ARC = YES;
				CLANG_ENABLE_OBJC_WEAK = YES;
				CLANG_WARN_BLOCK_CAPTURE_AUTORELEASING = YES;
				CLANG_WARN_BOOL_CONVERSION = YES;
				CLANG_WARN_COMMA = YES;
				CLANG_WARN_CONSTANT_CONVERSION = YES;
				CLANG_WARN_DEPRECATED_OBJC_IMPLEMENTATIONS = YES;
				CLANG_WARN_DIRECT_OBJC_ISA_USAGE = YES_ERROR;
				CLANG_WARN_DOCUMENTATION_COMMENTS = YES;
				CLANG_WARN_EMPTY_BODY = YES;
				CLANG_WARN_ENUM_CONVERSION = YES;
				CLANG_WARN_INFINITE_RECURSION = YES;
				CLANG_WARN_INT_CONVERSION = YES;
				CLANG_WARN_NON_LITERAL_NULL_CONVERSION = YES;
				CLANG_WARN_OBJC_IMPLICIT_RETAIN_SELF = YES;
				CLANG_WARN_OBJC_LITERAL_CONVERSION = YES;
				CLANG_WARN_OBJC_ROOT_CLASS = YES_ERROR;
				CLANG_WARN_QUOTED_INCLUDE_IN_FRAMEWORK_HEADER = YES;
				CLANG_WARN_RANGE_LOOP_ANALYSIS = YES;
				CLANG_WARN_STRICT_PROTOTYPES = YES;
				CLANG_WARN_SUSPICIOUS_MOVE = YES;
				CLANG_WARN_UNGUARDED_AVAILABILITY = YES_AGGRESSIVE;
				CLANG_WARN_UNREACHABLE_CODE = YES;
				CLANG_WARN__DUPLICATE_METHOD_MATCH = YES;
				COPY_PHASE_STRIP = NO;
				DEBUG_INFORMATION_FORMAT = dwarf;
				ENABLE_STRICT_OBJC_MSGSEND = YES;
				ENABLE_TESTABILITY = YES;
				GCC_C_LANGUAGE_STANDARD = gnu11;
				GCC_DYNAMIC_NO_PIC = NO;
				GCC_NO_COMMON_BLOCKS = YES;
				GCC_OPTIMIZATION_LEVEL = 0;
				GCC_PREPROCESSOR_DEFINITIONS = (
					"DEBUG=1",
					"$(inherited)",
				);
				GCC_WARN_64_TO_32_BIT_CONVERSION = YES;
				GCC_WARN_ABOUT_RETURN_TYPE = YES_ERROR;
				GCC_WARN_UNDECLARED_SELECTOR = YES;
				GCC_WARN_UNINITIALIZED_AUTOS = YES_AGGRESSIVE;
				GCC_WARN_UNUSED_FUNCTION = YES;
				GCC_WARN_UNUSED_VARIABLE = YES;
				IPHONEOS_DEPLOYMENT_TARGET = 15.4;
				MTL_ENABLE_DEBUG_INFO = INCLUDE_SOURCE;
				MTL_FAST_MATH = YES;
				ONLY_ACTIVE_ARCH = YES;
				SDKROOT = iphoneos;
				SWIFT_ACTIVE_COMPILATION_CONDITIONS = DEBUG;
				SWIFT_OPTIMIZATION_LEVEL = "-Onone";
			};
			name = Debug;
		};
		1BBBEBA427EDB8B3000F3B2D /* Release */ = {
			isa = XCBuildConfiguration;
			buildSettings = {
				ALWAYS_SEARCH_USER_PATHS = NO;
				CLANG_ANALYZER_NONNULL = YES;
				CLANG_ANALYZER_NUMBER_OBJECT_CONVERSION = YES_AGGRESSIVE;
				CLANG_CXX_LANGUAGE_STANDARD = "gnu++17";
				CLANG_ENABLE_MODULES = YES;
				CLANG_ENABLE_OBJC_ARC = YES;
				CLANG_ENABLE_OBJC_WEAK = YES;
				CLANG_WARN_BLOCK_CAPTURE_AUTORELEASING = YES;
				CLANG_WARN_BOOL_CONVERSION = YES;
				CLANG_WARN_COMMA = YES;
				CLANG_WARN_CONSTANT_CONVERSION = YES;
				CLANG_WARN_DEPRECATED_OBJC_IMPLEMENTATIONS = YES;
				CLANG_WARN_DIRECT_OBJC_ISA_USAGE = YES_ERROR;
				CLANG_WARN_DOCUMENTATION_COMMENTS = YES;
				CLANG_WARN_EMPTY_BODY = YES;
				CLANG_WARN_ENUM_CONVERSION = YES;
				CLANG_WARN_INFINITE_RECURSION = YES;
				CLANG_WARN_INT_CONVERSION = YES;
				CLANG_WARN_NON_LITERAL_NULL_CONVERSION = YES;
				CLANG_WARN_OBJC_IMPLICIT_RETAIN_SELF = YES;
				CLANG_WARN_OBJC_LITERAL_CONVERSION = YES;
				CLANG_WARN_OBJC_ROOT_CLASS = YES_ERROR;
				CLANG_WARN_QUOTED_INCLUDE_IN_FRAMEWORK_HEADER = YES;
				CLANG_WARN_RANGE_LOOP_ANALYSIS = YES;
				CLANG_WARN_STRICT_PROTOTYPES = YES;
				CLANG_WARN_SUSPICIOUS_MOVE = YES;
				CLANG_WARN_UNGUARDED_AVAILABILITY = YES_AGGRESSIVE;
				CLANG_WARN_UNREACHABLE_CODE = YES;
				CLANG_WARN__DUPLICATE_METHOD_MATCH = YES;
				COPY_PHASE_STRIP = NO;
				DEBUG_INFORMATION_FORMAT = "dwarf-with-dsym";
				ENABLE_NS_ASSERTIONS = NO;
				ENABLE_STRICT_OBJC_MSGSEND = YES;
				GCC_C_LANGUAGE_STANDARD = gnu11;
				GCC_NO_COMMON_BLOCKS = YES;
				GCC_WARN_64_TO_32_BIT_CONVERSION = YES;
				GCC_WARN_ABOUT_RETURN_TYPE = YES_ERROR;
				GCC_WARN_UNDECLARED_SELECTOR = YES;
				GCC_WARN_UNINITIALIZED_AUTOS = YES_AGGRESSIVE;
				GCC_WARN_UNUSED_FUNCTION = YES;
				GCC_WARN_UNUSED_VARIABLE = YES;
				IPHONEOS_DEPLOYMENT_TARGET = 15.4;
				MTL_ENABLE_DEBUG_INFO = NO;
				MTL_FAST_MATH = YES;
				SDKROOT = iphoneos;
				SWIFT_COMPILATION_MODE = wholemodule;
				SWIFT_OPTIMIZATION_LEVEL = "-O";
				VALIDATE_PRODUCT = YES;
			};
			name = Release;
		};
		1BBBEBA627EDB8B3000F3B2D /* Debug */ = {
			isa = XCBuildConfiguration;
			baseConfigurationReference = C89B7048DCE1E4E96BDC0B18 /* Pods-MovieAppVIP.debug.xcconfig */;
			buildSettings = {
				ASSETCATALOG_COMPILER_APPICON_NAME = AppIcon;
				ASSETCATALOG_COMPILER_GLOBAL_ACCENT_COLOR_NAME = AccentColor;
				CODE_SIGN_STYLE = Automatic;
				CURRENT_PROJECT_VERSION = 1;
				DEVELOPMENT_TEAM = 5MNU4WM44M;
				GENERATE_INFOPLIST_FILE = YES;
				INFOPLIST_FILE = MovieAppVIP/Info.plist;
				INFOPLIST_KEY_UIApplicationSupportsIndirectInputEvents = YES;
				INFOPLIST_KEY_UILaunchStoryboardName = LaunchScreen;
				INFOPLIST_KEY_UIMainStoryboardFile = Main;
				INFOPLIST_KEY_UISupportedInterfaceOrientations_iPad = "UIInterfaceOrientationPortrait UIInterfaceOrientationPortraitUpsideDown UIInterfaceOrientationLandscapeLeft UIInterfaceOrientationLandscapeRight";
				INFOPLIST_KEY_UISupportedInterfaceOrientations_iPhone = "UIInterfaceOrientationPortrait UIInterfaceOrientationLandscapeLeft UIInterfaceOrientationLandscapeRight";
				LD_RUNPATH_SEARCH_PATHS = (
					"$(inherited)",
					"@executable_path/Frameworks",
				);
				MARKETING_VERSION = 1.0;
				PRODUCT_BUNDLE_IDENTIFIER = com.sinankulen.MovieAppVIP;
				PRODUCT_NAME = "$(TARGET_NAME)";
				SWIFT_EMIT_LOC_STRINGS = YES;
				SWIFT_VERSION = 5.0;
				TARGETED_DEVICE_FAMILY = "1,2";
			};
			name = Debug;
		};
		1BBBEBA727EDB8B3000F3B2D /* Release */ = {
			isa = XCBuildConfiguration;
			baseConfigurationReference = 0B94C2CF1082281F364BE778 /* Pods-MovieAppVIP.release.xcconfig */;
			buildSettings = {
				ASSETCATALOG_COMPILER_APPICON_NAME = AppIcon;
				ASSETCATALOG_COMPILER_GLOBAL_ACCENT_COLOR_NAME = AccentColor;
				CODE_SIGN_STYLE = Automatic;
				CURRENT_PROJECT_VERSION = 1;
				DEVELOPMENT_TEAM = 5MNU4WM44M;
				GENERATE_INFOPLIST_FILE = YES;
				INFOPLIST_FILE = MovieAppVIP/Info.plist;
				INFOPLIST_KEY_UIApplicationSupportsIndirectInputEvents = YES;
				INFOPLIST_KEY_UILaunchStoryboardName = LaunchScreen;
				INFOPLIST_KEY_UIMainStoryboardFile = Main;
				INFOPLIST_KEY_UISupportedInterfaceOrientations_iPad = "UIInterfaceOrientationPortrait UIInterfaceOrientationPortraitUpsideDown UIInterfaceOrientationLandscapeLeft UIInterfaceOrientationLandscapeRight";
				INFOPLIST_KEY_UISupportedInterfaceOrientations_iPhone = "UIInterfaceOrientationPortrait UIInterfaceOrientationLandscapeLeft UIInterfaceOrientationLandscapeRight";
				LD_RUNPATH_SEARCH_PATHS = (
					"$(inherited)",
					"@executable_path/Frameworks",
				);
				MARKETING_VERSION = 1.0;
				PRODUCT_BUNDLE_IDENTIFIER = com.sinankulen.MovieAppVIP;
				PRODUCT_NAME = "$(TARGET_NAME)";
				SWIFT_EMIT_LOC_STRINGS = YES;
				SWIFT_VERSION = 5.0;
				TARGETED_DEVICE_FAMILY = "1,2";
			};
			name = Release;
		};
		1BBBEBA927EDB8B3000F3B2D /* Debug */ = {
			isa = XCBuildConfiguration;
			baseConfigurationReference = 293E8ED276BA31CC0C6A4643 /* Pods-MovieAppVIPTests.debug.xcconfig */;
			buildSettings = {
				ALWAYS_EMBED_SWIFT_STANDARD_LIBRARIES = YES;
				BUNDLE_LOADER = "$(TEST_HOST)";
				CODE_SIGN_STYLE = Automatic;
				CURRENT_PROJECT_VERSION = 1;
				DEVELOPMENT_TEAM = 5MNU4WM44M;
				GENERATE_INFOPLIST_FILE = YES;
				IPHONEOS_DEPLOYMENT_TARGET = 15.4;
				MARKETING_VERSION = 1.0;
				PRODUCT_BUNDLE_IDENTIFIER = com.sinankulen.MovieAppVIPTests;
				PRODUCT_NAME = "$(TARGET_NAME)";
				SWIFT_EMIT_LOC_STRINGS = NO;
				SWIFT_VERSION = 5.0;
				TARGETED_DEVICE_FAMILY = "1,2";
				TEST_HOST = "$(BUILT_PRODUCTS_DIR)/MovieAppVIP.app/MovieAppVIP";
			};
			name = Debug;
		};
		1BBBEBAA27EDB8B3000F3B2D /* Release */ = {
			isa = XCBuildConfiguration;
			baseConfigurationReference = 81639EAD196B4D80343B0957 /* Pods-MovieAppVIPTests.release.xcconfig */;
			buildSettings = {
				ALWAYS_EMBED_SWIFT_STANDARD_LIBRARIES = YES;
				BUNDLE_LOADER = "$(TEST_HOST)";
				CODE_SIGN_STYLE = Automatic;
				CURRENT_PROJECT_VERSION = 1;
				DEVELOPMENT_TEAM = 5MNU4WM44M;
				GENERATE_INFOPLIST_FILE = YES;
				IPHONEOS_DEPLOYMENT_TARGET = 15.4;
				MARKETING_VERSION = 1.0;
				PRODUCT_BUNDLE_IDENTIFIER = com.sinankulen.MovieAppVIPTests;
				PRODUCT_NAME = "$(TARGET_NAME)";
				SWIFT_EMIT_LOC_STRINGS = NO;
				SWIFT_VERSION = 5.0;
				TARGETED_DEVICE_FAMILY = "1,2";
				TEST_HOST = "$(BUILT_PRODUCTS_DIR)/MovieAppVIP.app/MovieAppVIP";
			};
			name = Release;
		};
		1BBBEBAC27EDB8B3000F3B2D /* Debug */ = {
			isa = XCBuildConfiguration;
			baseConfigurationReference = DB8B3DEA5A7DB65C700FB962 /* Pods-MovieAppVIP-MovieAppVIPUITests.debug.xcconfig */;
			buildSettings = {
				ALWAYS_EMBED_SWIFT_STANDARD_LIBRARIES = YES;
				CODE_SIGN_STYLE = Automatic;
				CURRENT_PROJECT_VERSION = 1;
				DEVELOPMENT_TEAM = 5MNU4WM44M;
				GENERATE_INFOPLIST_FILE = YES;
				MARKETING_VERSION = 1.0;
				PRODUCT_BUNDLE_IDENTIFIER = com.sinankulen.MovieAppVIPUITests;
				PRODUCT_NAME = "$(TARGET_NAME)";
				SWIFT_EMIT_LOC_STRINGS = NO;
				SWIFT_VERSION = 5.0;
				TARGETED_DEVICE_FAMILY = "1,2";
				TEST_TARGET_NAME = MovieAppVIP;
			};
			name = Debug;
		};
		1BBBEBAD27EDB8B3000F3B2D /* Release */ = {
			isa = XCBuildConfiguration;
			baseConfigurationReference = 69396AED89AC9C2CA03BECAF /* Pods-MovieAppVIP-MovieAppVIPUITests.release.xcconfig */;
			buildSettings = {
				ALWAYS_EMBED_SWIFT_STANDARD_LIBRARIES = YES;
				CODE_SIGN_STYLE = Automatic;
				CURRENT_PROJECT_VERSION = 1;
				DEVELOPMENT_TEAM = 5MNU4WM44M;
				GENERATE_INFOPLIST_FILE = YES;
				MARKETING_VERSION = 1.0;
				PRODUCT_BUNDLE_IDENTIFIER = com.sinankulen.MovieAppVIPUITests;
				PRODUCT_NAME = "$(TARGET_NAME)";
				SWIFT_EMIT_LOC_STRINGS = NO;
				SWIFT_VERSION = 5.0;
				TARGETED_DEVICE_FAMILY = "1,2";
				TEST_TARGET_NAME = MovieAppVIP;
			};
			name = Release;
		};
/* End XCBuildConfiguration section */

/* Begin XCConfigurationList section */
		1BBBEB7627EDB8B0000F3B2D /* Build configuration list for PBXProject "MovieAppVIP" */ = {
			isa = XCConfigurationList;
			buildConfigurations = (
				1BBBEBA327EDB8B3000F3B2D /* Debug */,
				1BBBEBA427EDB8B3000F3B2D /* Release */,
			);
			defaultConfigurationIsVisible = 0;
			defaultConfigurationName = Release;
		};
		1BBBEBA527EDB8B3000F3B2D /* Build configuration list for PBXNativeTarget "MovieAppVIP" */ = {
			isa = XCConfigurationList;
			buildConfigurations = (
				1BBBEBA627EDB8B3000F3B2D /* Debug */,
				1BBBEBA727EDB8B3000F3B2D /* Release */,
			);
			defaultConfigurationIsVisible = 0;
			defaultConfigurationName = Release;
		};
		1BBBEBA827EDB8B3000F3B2D /* Build configuration list for PBXNativeTarget "MovieAppVIPTests" */ = {
			isa = XCConfigurationList;
			buildConfigurations = (
				1BBBEBA927EDB8B3000F3B2D /* Debug */,
				1BBBEBAA27EDB8B3000F3B2D /* Release */,
			);
			defaultConfigurationIsVisible = 0;
			defaultConfigurationName = Release;
		};
		1BBBEBAB27EDB8B3000F3B2D /* Build configuration list for PBXNativeTarget "MovieAppVIPUITests" */ = {
			isa = XCConfigurationList;
			buildConfigurations = (
				1BBBEBAC27EDB8B3000F3B2D /* Debug */,
				1BBBEBAD27EDB8B3000F3B2D /* Release */,
			);
			defaultConfigurationIsVisible = 0;
			defaultConfigurationName = Release;
		};
/* End XCConfigurationList section */
	};
	rootObject = 1BBBEB7327EDB8B0000F3B2D /* Project object */;
}
